
Microsoft Visual Studio Solution File, Format Version 12.00
# Visual Studio Version 16
VisualStudioVersion = 16.0.31515.178
MinimumVisualStudioVersion = 10.0.40219.1
Project("{FAE04EC0-301F-11D3-BF4B-00C04F79EFBC}") = "HelloWorld", "HelloWorld\HelloWorld.csproj", "{11F75203-8285-4429-9AC5-3E757215515E}"
EndProject
Global
	GlobalSection(SolutionConfigurationPlatforms) = preSolution
		Debug|Any CPU = Debug|Any CPU
		Release|Any CPU = Release|Any CPU
	EndGlobalSection
	GlobalSection(ProjectConfigurationPlatforms) = postSolution
		{11F75203-8285-4429-9AC5-3E757215515E}.Debug|Any CPU.ActiveCfg = Debug|Any CPU
		{11F75203-8285-4429-9AC5-3E757215515E}.Debug|Any CPU.Build.0 = Debug|Any CPU
		{11F75203-8285-4429-9AC5-3E757215515E}.Release|Any CPU.ActiveCfg = Release|Any CPU
		{11F75203-8285-4429-9AC5-3E757215515E}.Release|Any CPU.Build.0 = Release|Any CPU
	EndGlobalSection
	GlobalSection(SolutionProperties) = preSolution
		HideSolutionNode = FALSE
	EndGlobalSection
	GlobalSection(ExtensibilityGlobals) = postSolution
		SolutionGuid = {CFA428C9-384B-436F-8643-42081CE4EBFB}
	EndGlobalSection
EndGlobal
